
Microsoft Visual Studio Solution File, Format Version 12.00
# Visual Studio Version 16
VisualStudioVersion = 16.0.31112.23
MinimumVisualStudioVersion = 10.0.40219.1
Project("{FAE04EC0-301F-11D3-BF4B-00C04F79EFBC}") = "AuthServer.API", "AuthServer.API\AuthServer.API.csproj", "{B039CC72-C403-41F9-9AF3-FC0F56611F14}"
EndProject
Project("{FAE04EC0-301F-11D3-BF4B-00C04F79EFBC}") = "AuthServer.Core", "AuthServer.Core\AuthServer.Core.csproj", "{2FD7A5CF-65B0-40D6-ABA8-4A5D70BA687D}"
EndProject
Project("{FAE04EC0-301F-11D3-BF4B-00C04F79EFBC}") = "AuthServer.Data", "AuthServer.Data\AuthServer.Data.csproj", "{4BDBCE6D-8ED2-4767-AFB4-B8A4372A7A7F}"
EndProject
Project("{FAE04EC0-301F-11D3-BF4B-00C04F79EFBC}") = "AuthServer.Service", "AuthServer.Service\AuthServer.Service.csproj", "{3787F6DB-10CE-49BC-B73A-C1E5585D54DA}"
EndProject
Project("{FAE04EC0-301F-11D3-BF4B-00C04F79EFBC}") = "MiniApp1.API", "MiniApp1.API\MiniApp1.API.csproj", "{D37AB749-108D-4092-ABCD-A7E453EC7C7A}"
EndProject
Project("{FAE04EC0-301F-11D3-BF4B-00C04F79EFBC}") = "MiniApp2.API", "MiniApp2.API\MiniApp2.API.csproj", "{7586DDD5-1B30-4271-B8B8-1A9F175BC5D5}"
EndProject
Global
	GlobalSection(SolutionConfigurationPlatforms) = preSolution
		Debug|Any CPU = Debug|Any CPU
		Release|Any CPU = Release|Any CPU
	EndGlobalSection
	GlobalSection(ProjectConfigurationPlatforms) = postSolution
		{B039CC72-C403-41F9-9AF3-FC0F56611F14}.Debug|Any CPU.ActiveCfg = Debug|Any CPU
		{B039CC72-C403-41F9-9AF3-FC0F56611F14}.Debug|Any CPU.Build.0 = Debug|Any CPU
		{B039CC72-C403-41F9-9AF3-FC0F56611F14}.Release|Any CPU.ActiveCfg = Release|Any CPU
		{B039CC72-C403-41F9-9AF3-FC0F56611F14}.Release|Any CPU.Build.0 = Release|Any CPU
		{2FD7A5CF-65B0-40D6-ABA8-4A5D70BA687D}.Debug|Any CPU.ActiveCfg = Debug|Any CPU
		{2FD7A5CF-65B0-40D6-ABA8-4A5D70BA687D}.Debug|Any CPU.Build.0 = Debug|Any CPU
		{2FD7A5CF-65B0-40D6-ABA8-4A5D70BA687D}.Release|Any CPU.ActiveCfg = Release|Any CPU
		{2FD7A5CF-65B0-40D6-ABA8-4A5D70BA687D}.Release|Any CPU.Build.0 = Release|Any CPU
		{4BDBCE6D-8ED2-4767-AFB4-B8A4372A7A7F}.Debug|Any CPU.ActiveCfg = Debug|Any CPU
		{4BDBCE6D-8ED2-4767-AFB4-B8A4372A7A7F}.Debug|Any CPU.Build.0 = Debug|Any CPU
		{4BDBCE6D-8ED2-4767-AFB4-B8A4372A7A7F}.Release|Any CPU.ActiveCfg = Release|Any CPU
		{4BDBCE6D-8ED2-4767-AFB4-B8A4372A7A7F}.Release|Any CPU.Build.0 = Release|Any CPU
		{3787F6DB-10CE-49BC-B73A-C1E5585D54DA}.Debug|Any CPU.ActiveCfg = Debug|Any CPU
		{3787F6DB-10CE-49BC-B73A-C1E5585D54DA}.Debug|Any CPU.Build.0 = Debug|Any CPU
		{3787F6DB-10CE-49BC-B73A-C1E5585D54DA}.Release|Any CPU.ActiveCfg = Release|Any CPU
		{3787F6DB-10CE-49BC-B73A-C1E5585D54DA}.Release|Any CPU.Build.0 = Release|Any CPU
		{D37AB749-108D-4092-ABCD-A7E453EC7C7A}.Debug|Any CPU.ActiveCfg = Debug|Any CPU
		{D37AB749-108D-4092-ABCD-A7E453EC7C7A}.Debug|Any CPU.Build.0 = Debug|Any CPU
		{D37AB749-108D-4092-ABCD-A7E453EC7C7A}.Release|Any CPU.ActiveCfg = Release|Any CPU
		{D37AB749-108D-4092-ABCD-A7E453EC7C7A}.Release|Any CPU.Build.0 = Release|Any CPU
		{7586DDD5-1B30-4271-B8B8-1A9F175BC5D5}.Debug|Any CPU.ActiveCfg = Debug|Any CPU
		{7586DDD5-1B30-4271-B8B8-1A9F175BC5D5}.Debug|Any CPU.Build.0 = Debug|Any CPU
		{7586DDD5-1B30-4271-B8B8-1A9F175BC5D5}.Release|Any CPU.ActiveCfg = Release|Any CPU
		{7586DDD5-1B30-4271-B8B8-1A9F175BC5D5}.Release|Any CPU.Build.0 = Release|Any CPU
	EndGlobalSection
	GlobalSection(SolutionProperties) = preSolution
		HideSolutionNode = FALSE
	EndGlobalSection
	GlobalSection(ExtensibilityGlobals) = postSolution
		SolutionGuid = {DF487CC8-D9D2-4C68-BCD8-CD0FA6C8BB0E}
	EndGlobalSection
EndGlobal
